
Microsoft Visual Studio Solution File, Format Version 12.00
# Visual Studio Version 16
VisualStudioVersion = 16.0.30717.126
MinimumVisualStudioVersion = 10.0.40219.1
Project("{00D1A9C2-B5F0-4AF3-8072-F6C62B433612}") = "Database1", "Database1.sqlproj", "{366139C9-1975-4CF4-9C32-E687A3AC5D18}"
EndProject
Global
	GlobalSection(SolutionConfigurationPlatforms) = preSolution
		Debug|Any CPU = Debug|Any CPU
		Release|Any CPU = Release|Any CPU
	EndGlobalSection
	GlobalSection(ProjectConfigurationPlatforms) = postSolution
		{366139C9-1975-4CF4-9C32-E687A3AC5D18}.Debug|Any CPU.ActiveCfg = Debug|Any CPU
		{366139C9-1975-4CF4-9C32-E687A3AC5D18}.Debug|Any CPU.Build.0 = Debug|Any CPU
		{366139C9-1975-4CF4-9C32-E687A3AC5D18}.Debug|Any CPU.Deploy.0 = Debug|Any CPU
		{366139C9-1975-4CF4-9C32-E687A3AC5D18}.Release|Any CPU.ActiveCfg = Release|Any CPU
		{366139C9-1975-4CF4-9C32-E687A3AC5D18}.Release|Any CPU.Build.0 = Release|Any CPU
		{366139C9-1975-4CF4-9C32-E687A3AC5D18}.Release|Any CPU.Deploy.0 = Release|Any CPU
	EndGlobalSection
	GlobalSection(SolutionProperties) = preSolution
		HideSolutionNode = FALSE
	EndGlobalSection
	GlobalSection(ExtensibilityGlobals) = postSolution
		SolutionGuid = {DB27C539-2BC1-4582-BA46-912846D603C9}
	EndGlobalSection
EndGlobal
